{
  "name": "@stele/assets-cloudflare-worker",
  "version": "0.0.1",
  "lockfileVersion": 1,
  "requires": true,
  "dependencies": {
    "@stele/assets-exceptions": {
      "version": "0.0.1",
      "resolved": "https://registry.npmjs.org/@stele/assets-exceptions/-/assets-exceptions-0.0.1.tgz",
      "integrity": "sha512-KNQLc0xN9R6X+ZooeCVr6jBp9GO810E+jcU/ha34lGF2igsgATlL5oUH87rnINr30hUUQtNRn2OcyfoeWH9G2g=="
    },
    "@stele/assets-storage": {
      "version": "0.0.1",
      "resolved": "https://registry.npmjs.org/@stele/assets-storage/-/assets-storage-0.0.1.tgz",
      "integrity": "sha512-JyJDl5kEnIS5dg9fAi++se+K76R8i8ddAA4apWp1W9O/lqBFPZeElKoN+tMDsqd0/YTiVW869E8OHpIZtBAaJw=="
    }
  }
}
